
Microsoft Visual Studio Solution File, Format Version 12.00
# Visual Studio Version 17
VisualStudioVersion = 17.11.35327.3
MinimumVisualStudioVersion = 10.0.40219.1
Project("{FAE04EC0-301F-11D3-BF4B-00C04F79EFBC}") = "ColorPickerApp2", "ColorPickerApp2\ColorPickerApp2.csproj", "{4274091C-BEC3-4ADA-B45E-CB27BBCB7871}"
EndProject
Global
	GlobalSection(SolutionConfigurationPlatforms) = preSolution
		Debug|Any CPU = Debug|Any CPU
		Release|Any CPU = Release|Any CPU
	EndGlobalSection
	GlobalSection(ProjectConfigurationPlatforms) = postSolution
		{4274091C-BEC3-4ADA-B45E-CB27BBCB7871}.Debug|Any CPU.ActiveCfg = Debug|Any CPU
		{4274091C-BEC3-4ADA-B45E-CB27BBCB7871}.Debug|Any CPU.Build.0 = Debug|Any CPU
		{4274091C-BEC3-4ADA-B45E-CB27BBCB7871}.Release|Any CPU.ActiveCfg = Release|Any CPU
		{4274091C-BEC3-4ADA-B45E-CB27BBCB7871}.Release|Any CPU.Build.0 = Release|Any CPU
	EndGlobalSection
	GlobalSection(SolutionProperties) = preSolution
		HideSolutionNode = FALSE
	EndGlobalSection
	GlobalSection(ExtensibilityGlobals) = postSolution
		SolutionGuid = {CC94148E-FC02-4AC7-AE6D-04C3643370F9}
	EndGlobalSection
EndGlobal
